
Microsoft Visual Studio Solution File, Format Version 12.00
# Visual Studio 15
Project("{FAE04EC0-301F-11D3-BF4B-00C04F79EFBC}") = "ReproGestureCrash", "ReproGestureCrash\ReproGestureCrash.csproj", "{77C86FAA-EBC0-4C4B-B6F8-68EE4B85B8EE}"
EndProject
Project("{FAE04EC0-301F-11D3-BF4B-00C04F79EFBC}") = "TestLibrary", "TestLibrary\TestLibrary.csproj", "{4FC348DB-4D5B-4BC7-819B-8B67BEE37E7F}"
EndProject
Global
	GlobalSection(SolutionConfigurationPlatforms) = preSolution
		Debug|iPhoneSimulator = Debug|iPhoneSimulator
		Release|iPhoneSimulator = Release|iPhoneSimulator
		Debug|iPhone = Debug|iPhone
		Release|iPhone = Release|iPhone
	EndGlobalSection
	GlobalSection(ProjectConfigurationPlatforms) = postSolution
		{77C86FAA-EBC0-4C4B-B6F8-68EE4B85B8EE}.Debug|iPhoneSimulator.ActiveCfg = Debug|iPhoneSimulator
		{77C86FAA-EBC0-4C4B-B6F8-68EE4B85B8EE}.Debug|iPhoneSimulator.Build.0 = Debug|iPhoneSimulator
		{77C86FAA-EBC0-4C4B-B6F8-68EE4B85B8EE}.Release|iPhoneSimulator.ActiveCfg = Release|iPhoneSimulator
		{77C86FAA-EBC0-4C4B-B6F8-68EE4B85B8EE}.Release|iPhoneSimulator.Build.0 = Release|iPhoneSimulator
		{77C86FAA-EBC0-4C4B-B6F8-68EE4B85B8EE}.Debug|iPhone.ActiveCfg = Debug|iPhone
		{77C86FAA-EBC0-4C4B-B6F8-68EE4B85B8EE}.Debug|iPhone.Build.0 = Debug|iPhone
		{77C86FAA-EBC0-4C4B-B6F8-68EE4B85B8EE}.Release|iPhone.ActiveCfg = Release|iPhone
		{77C86FAA-EBC0-4C4B-B6F8-68EE4B85B8EE}.Release|iPhone.Build.0 = Release|iPhone
		{4FC348DB-4D5B-4BC7-819B-8B67BEE37E7F}.Debug|iPhoneSimulator.ActiveCfg = Debug|Any CPU
		{4FC348DB-4D5B-4BC7-819B-8B67BEE37E7F}.Debug|iPhoneSimulator.Build.0 = Debug|Any CPU
		{4FC348DB-4D5B-4BC7-819B-8B67BEE37E7F}.Release|iPhoneSimulator.ActiveCfg = Release|Any CPU
		{4FC348DB-4D5B-4BC7-819B-8B67BEE37E7F}.Release|iPhoneSimulator.Build.0 = Release|Any CPU
		{4FC348DB-4D5B-4BC7-819B-8B67BEE37E7F}.Debug|iPhone.ActiveCfg = Debug|Any CPU
		{4FC348DB-4D5B-4BC7-819B-8B67BEE37E7F}.Debug|iPhone.Build.0 = Debug|Any CPU
		{4FC348DB-4D5B-4BC7-819B-8B67BEE37E7F}.Release|iPhone.ActiveCfg = Release|Any CPU
		{4FC348DB-4D5B-4BC7-819B-8B67BEE37E7F}.Release|iPhone.Build.0 = Release|Any CPU
	EndGlobalSection
EndGlobal
